
Microsoft Visual Studio Solution File, Format Version 12.00
# Visual Studio Version 17
VisualStudioVersion = 17.6.33815.320
MinimumVisualStudioVersion = 10.0.40219.1
Project("{FAE04EC0-301F-11D3-BF4B-00C04F79EFBC}") = "lubeeProject", "lubeeProject.csproj", "{AECE1745-2645-4408-B8E4-563834F0D971}"
EndProject
Global
	GlobalSection(SolutionConfigurationPlatforms) = preSolution
		Debug|Any CPU = Debug|Any CPU
		Release|Any CPU = Release|Any CPU
	EndGlobalSection
	GlobalSection(ProjectConfigurationPlatforms) = postSolution
		{AECE1745-2645-4408-B8E4-563834F0D971}.Debug|Any CPU.ActiveCfg = Debug|Any CPU
		{AECE1745-2645-4408-B8E4-563834F0D971}.Debug|Any CPU.Build.0 = Debug|Any CPU
		{AECE1745-2645-4408-B8E4-563834F0D971}.Release|Any CPU.ActiveCfg = Release|Any CPU
		{AECE1745-2645-4408-B8E4-563834F0D971}.Release|Any CPU.Build.0 = Release|Any CPU
	EndGlobalSection
	GlobalSection(SolutionProperties) = preSolution
		HideSolutionNode = FALSE
	EndGlobalSection
	GlobalSection(ExtensibilityGlobals) = postSolution
		SolutionGuid = {8E781C94-6B29-4852-94A6-D384FD60DDDD}
	EndGlobalSection
EndGlobal
